
Microsoft Visual Studio Solution File, Format Version 12.00
# Visual Studio Version 17
VisualStudioVersion = 17.1.32228.430
MinimumVisualStudioVersion = 10.0.40219.1
Project("{FAE04EC0-301F-11D3-BF4B-00C04F79EFBC}") = "Examen1", "Examen1\Examen1.csproj", "{93AB4D39-8F90-4A73-8925-61C9542143B6}"
EndProject
Global
	GlobalSection(SolutionConfigurationPlatforms) = preSolution
		Debug|Any CPU = Debug|Any CPU
		Release|Any CPU = Release|Any CPU
	EndGlobalSection
	GlobalSection(ProjectConfigurationPlatforms) = postSolution
		{93AB4D39-8F90-4A73-8925-61C9542143B6}.Debug|Any CPU.ActiveCfg = Debug|Any CPU
		{93AB4D39-8F90-4A73-8925-61C9542143B6}.Debug|Any CPU.Build.0 = Debug|Any CPU
		{93AB4D39-8F90-4A73-8925-61C9542143B6}.Release|Any CPU.ActiveCfg = Release|Any CPU
		{93AB4D39-8F90-4A73-8925-61C9542143B6}.Release|Any CPU.Build.0 = Release|Any CPU
	EndGlobalSection
	GlobalSection(SolutionProperties) = preSolution
		HideSolutionNode = FALSE
	EndGlobalSection
	GlobalSection(ExtensibilityGlobals) = postSolution
		SolutionGuid = {C72ECBB4-744F-4FA4-8CD1-162E54E85BD4}
	EndGlobalSection
EndGlobal
